
Microsoft Visual Studio Solution File, Format Version 12.00
# Visual Studio 14
VisualStudioVersion = 14.0.25420.1
MinimumVisualStudioVersion = 10.0.40219.1
Project("{FAE04EC0-301F-11D3-BF4B-00C04F79EFBC}") = "BasicServer", "BasicServer\BasicServer.csproj", "{7ED41340-F2E3-4493-84C0-D2104095FCDE}"
EndProject
Project("{FAE04EC0-301F-11D3-BF4B-00C04F79EFBC}") = "BasicClient", "BasicClient\BasicClient.csproj", "{D0361B43-1308-443B-ABCF-5F4C63C1187F}"
EndProject
Project("{FAE04EC0-301F-11D3-BF4B-00C04F79EFBC}") = "WpfImageSender", "WpfImageSender\WpfImageSender.csproj", "{F7193161-BDE2-49AA-9FC2-CC65FC772591}"
EndProject
Project("{FAE04EC0-301F-11D3-BF4B-00C04F79EFBC}") = "WpfImageReceiver", "WpfImageReceiver\WpfImageReceiver.csproj", "{ECDF67D3-A675-44DB-A25F-3150AF099BC8}"
EndProject
Project("{FAE04EC0-301F-11D3-BF4B-00C04F79EFBC}") = "WpfCommon", "WpfCommon\WpfCommon.csproj", "{0436D313-FF13-4B66-BFF8-BBD5372BD782}"
EndProject
Global
	GlobalSection(SolutionConfigurationPlatforms) = preSolution
		Debug|Any CPU = Debug|Any CPU
		Release|Any CPU = Release|Any CPU
	EndGlobalSection
	GlobalSection(ProjectConfigurationPlatforms) = postSolution
		{7ED41340-F2E3-4493-84C0-D2104095FCDE}.Debug|Any CPU.ActiveCfg = Debug|Any CPU
		{7ED41340-F2E3-4493-84C0-D2104095FCDE}.Debug|Any CPU.Build.0 = Debug|Any CPU
		{7ED41340-F2E3-4493-84C0-D2104095FCDE}.Release|Any CPU.ActiveCfg = Release|Any CPU
		{7ED41340-F2E3-4493-84C0-D2104095FCDE}.Release|Any CPU.Build.0 = Release|Any CPU
		{D0361B43-1308-443B-ABCF-5F4C63C1187F}.Debug|Any CPU.ActiveCfg = Debug|Any CPU
		{D0361B43-1308-443B-ABCF-5F4C63C1187F}.Debug|Any CPU.Build.0 = Debug|Any CPU
		{D0361B43-1308-443B-ABCF-5F4C63C1187F}.Release|Any CPU.ActiveCfg = Release|Any CPU
		{D0361B43-1308-443B-ABCF-5F4C63C1187F}.Release|Any CPU.Build.0 = Release|Any CPU
		{F7193161-BDE2-49AA-9FC2-CC65FC772591}.Debug|Any CPU.ActiveCfg = Debug|Any CPU
		{F7193161-BDE2-49AA-9FC2-CC65FC772591}.Debug|Any CPU.Build.0 = Debug|Any CPU
		{F7193161-BDE2-49AA-9FC2-CC65FC772591}.Release|Any CPU.ActiveCfg = Release|Any CPU
		{F7193161-BDE2-49AA-9FC2-CC65FC772591}.Release|Any CPU.Build.0 = Release|Any CPU
		{ECDF67D3-A675-44DB-A25F-3150AF099BC8}.Debug|Any CPU.ActiveCfg = Debug|Any CPU
		{ECDF67D3-A675-44DB-A25F-3150AF099BC8}.Debug|Any CPU.Build.0 = Debug|Any CPU
		{ECDF67D3-A675-44DB-A25F-3150AF099BC8}.Release|Any CPU.ActiveCfg = Release|Any CPU
		{ECDF67D3-A675-44DB-A25F-3150AF099BC8}.Release|Any CPU.Build.0 = Release|Any CPU
		{0436D313-FF13-4B66-BFF8-BBD5372BD782}.Debug|Any CPU.ActiveCfg = Debug|Any CPU
		{0436D313-FF13-4B66-BFF8-BBD5372BD782}.Debug|Any CPU.Build.0 = Debug|Any CPU
		{0436D313-FF13-4B66-BFF8-BBD5372BD782}.Release|Any CPU.ActiveCfg = Release|Any CPU
		{0436D313-FF13-4B66-BFF8-BBD5372BD782}.Release|Any CPU.Build.0 = Release|Any CPU
	EndGlobalSection
	GlobalSection(SolutionProperties) = preSolution
		HideSolutionNode = FALSE
	EndGlobalSection
EndGlobal
